{
  "name": "innocent-looking-pkg",
  "version": "1.0.0",
  "lockfileVersion": 3,
  "requires": true,
  "packages": {
    "": {
      "name": "innocent-looking-pkg",
      "version": "1.0.0",
      "dependencies": {
        "express": "4.21.2"
      }
    },
    "node_modules/express": {
      "version": "4.21.2",
      "resolved": "http://127.0.0.1:4873/express/-/express-4.21.2.tgz",
      "integrity": "sha512-4+LBa9/xIENalrAvVR8S/HRqXL4u9+oLwDkY5Ardp2ExXionBBxXsuJOjfbx/VsvxKmc+o5PufNJHhebVfzXWQ=="
    }
  }
}

